
Microsoft Visual Studio Solution File, Format Version 12.00
# Visual Studio 2012
Project("{FAE04EC0-301F-11D3-BF4B-00C04F79EFBC}") = "TicketDeskReporting", "TicketDeskReporting\TicketDeskReporting.csproj", "{A261FF52-E509-4559-A4B4-399F62DEB945}"
EndProject
Global
	GlobalSection(SolutionConfigurationPlatforms) = preSolution
		Debug|Any CPU = Debug|Any CPU
		Release|Any CPU = Release|Any CPU
	EndGlobalSection
	GlobalSection(ProjectConfigurationPlatforms) = postSolution
		{A261FF52-E509-4559-A4B4-399F62DEB945}.Debug|Any CPU.ActiveCfg = Debug|Any CPU
		{A261FF52-E509-4559-A4B4-399F62DEB945}.Debug|Any CPU.Build.0 = Debug|Any CPU
		{A261FF52-E509-4559-A4B4-399F62DEB945}.Release|Any CPU.ActiveCfg = Release|Any CPU
		{A261FF52-E509-4559-A4B4-399F62DEB945}.Release|Any CPU.Build.0 = Release|Any CPU
	EndGlobalSection
	GlobalSection(SolutionProperties) = preSolution
		HideSolutionNode = FALSE
	EndGlobalSection
EndGlobal
