
Microsoft Visual Studio Solution File, Format Version 12.00
# Visual Studio 15
VisualStudioVersion = 15.0.26730.12
MinimumVisualStudioVersion = 10.0.40219.1
Project("{FAE04EC0-301F-11D3-BF4B-00C04F79EFBC}") = "AsyncFileAccess", "Demos\AsyncFileAccess\AsyncFileAccess.csproj", "{CB5E12EC-638E-4145-A150-47BEB80F0455}"
EndProject
Project("{FAE04EC0-301F-11D3-BF4B-00C04F79EFBC}") = "BouncingBall", "Demos\BouncingBall\BouncingBall.csproj", "{CB603E14-0FE0-4394-BB94-3ABBCC2144C7}"
EndProject
Project("{FAE04EC0-301F-11D3-BF4B-00C04F79EFBC}") = "Colorizer", "Demos\Colorizer\Colorizer.csproj", "{505B4B4C-A154-4775-9D28-F91EBF0ED087}"
EndProject
Project("{FAE04EC0-301F-11D3-BF4B-00C04F79EFBC}") = "DynamicAssemblies", "Demos\DynamicAssemblies\DynamicAssemblies.csproj", "{EAD0B5AC-96A5-4EFD-9C81-7A768FF34202}"
EndProject
Project("{FAE04EC0-301F-11D3-BF4B-00C04F79EFBC}") = "LatencyDemo", "Demos\LatencyDemo\LatencyDemo.csproj", "{A62F1A49-D1B5-416C-AAAE-C195FFEE9D07}"
EndProject
Project("{FAE04EC0-301F-11D3-BF4B-00C04F79EFBC}") = "Mandelbrot", "Demos\Mandelbrot\Mandelbrot.csproj", "{A0BD965B-1643-49FD-BF30-B1A9C9921CE3}"
EndProject
Project("{F184B08F-C81C-45F6-A57F-5ABD9991F28F}") = "MandelbrotVB", "Demos\MandelbrotVB\MandelbrotVB.vbproj", "{7CB4A7A7-6080-4560-9B12-CB35CF8260BB}"
EndProject
Project("{FAE04EC0-301F-11D3-BF4B-00C04F79EFBC}") = "PattGen", "Demos\PatternGenerator\PattGen.csproj", "{7C593E9F-4301-49A9-9398-EE78892AE161}"
EndProject
Project("{FAE04EC0-301F-11D3-BF4B-00C04F79EFBC}") = "PermutationPrinterConcatenation", "Demos\PermutationPrinterConcatenation\PermutationPrinterConcatenation.csproj", "{2E9DF3D2-D532-4C2B-B1C2-0EA91EFA43FD}"
EndProject
Project("{FAE04EC0-301F-11D3-BF4B-00C04F79EFBC}") = "PermutationPrinterStringBuilder", "Demos\PermutationPrinterStringBuilder\PermutationPrinterStringBuilder.csproj", "{201FF9A7-2985-4173-9619-48C57B378359}"
EndProject
Project("{FAE04EC0-301F-11D3-BF4B-00C04F79EFBC}") = "PermutationWriterFast", "Demos\PermutationWriterFast\PermutationWriterFast.csproj", "{38677CD8-B283-4960-8B39-1DE806EC7AF4}"
EndProject
Project("{FAE04EC0-301F-11D3-BF4B-00C04F79EFBC}") = "PermutationWriterSlow", "Demos\PermutationWriterSlow\PermutationWriterSlow.csproj", "{C97572C2-22E5-4811-8974-3C89BCE99883}"
EndProject
Project("{FAE04EC0-301F-11D3-BF4B-00C04F79EFBC}") = "QueryBee", "Demos\QueryBee\QueryBee.csproj", "{2AA990B1-3D2E-4C5B-916A-72620CA736D0}"
EndProject
Project("{FAE04EC0-301F-11D3-BF4B-00C04F79EFBC}") = "ShapePainter", "Demos\ShapePainter\ShapePainter.csproj", "{6CC95ED5-CBE5-4950-8CBF-DCCBCD792A48}"
EndProject
Project("{F184B08F-C81C-45F6-A57F-5ABD9991F28F}") = "ShapePainterVB", "Demos\ShapePainterVB\ShapePainterVB.vbproj", "{659B8CE7-9D2C-4AF2-9D40-4C9757645649}"
EndProject
Project("{FAE04EC0-301F-11D3-BF4B-00C04F79EFBC}") = "TimeLineDemo", "Demos\TimeLineDemo\TimeLineDemo.csproj", "{C915B585-B583-4E95-8DC1-733D10AC54FF}"
EndProject
Project("{FAE04EC0-301F-11D3-BF4B-00C04F79EFBC}") = "PermutationGenerator", "References\PermutationGenerator\PermutationGenerator.csproj", "{60006929-00BD-450A-93F9-EA2CD9995B90}"
EndProject
Project("{2150E333-8FDC-42A3-9474-1A3956D46DE8}") = "Solution Items", "Solution Items", "{87AC1AAB-41EC-42A8-A2FF-9F57CCBEBB97}"
	ProjectSection(SolutionItems) = preProject
		README.md = README.md
	EndProjectSection
EndProject
Project("{2150E333-8FDC-42A3-9474-1A3956D46DE8}") = "Shovell demo", "Shovell demo", "{1DF77FF1-FD66-418A-8C76-7F8877C4F9BB}"
	ProjectSection(SolutionItems) = preProject
		Demos\Shovell\Datagen.sqlgen = Demos\Shovell\Datagen.sqlgen
		Demos\Shovell\Shovell readme.txt = Demos\Shovell\Shovell readme.txt
	EndProjectSection
EndProject
Project("{FAE04EC0-301F-11D3-BF4B-00C04F79EFBC}") = "WSClient", "Demos\Shovell\WSClient\WSClient.csproj", "{65B2F44D-87A5-40D8-B699-0C37A3CBC486}"
EndProject
Project("{FAE04EC0-301F-11D3-BF4B-00C04F79EFBC}") = "Shovell", "Demos\Shovell\Shovell\Shovell.csproj", "{A8703EB9-F9D7-42F5-A403-799AC4413DE2}"
EndProject
Project("{FAE04EC0-301F-11D3-BF4B-00C04F79EFBC}") = "BookSearch", "Demos\MagicBooks\Application\BookSearch.csproj", "{815EC749-D38D-419E-9CFA-F12424855205}"
EndProject
Project("{2150E333-8FDC-42A3-9474-1A3956D46DE8}") = "PdfConverter demo", "PdfConverter demo", "{24B76676-F268-4A63-A509-88B7E6743C26}"
EndProject
Project("{FAE04EC0-301F-11D3-BF4B-00C04F79EFBC}") = "Logger", "Demos\PdfConverter\Source\Logger\Logger.csproj", "{EE2F558E-E1C6-4356-B19B-B0183D4F808E}"
EndProject
Project("{FAE04EC0-301F-11D3-BF4B-00C04F79EFBC}") = "MuPDF", "Demos\PdfConverter\Source\MuPDF\MuPDF.csproj", "{5E72E751-1FE9-451B-B548-B645829A0951}"
EndProject
Project("{FAE04EC0-301F-11D3-BF4B-00C04F79EFBC}") = "PdfConverter", "Demos\PdfConverter\Source\PdfConverter\PdfConverter.csproj", "{45BA0F5E-14CB-49A3-847D-7AE491A32B6F}"
EndProject
Global
	GlobalSection(SolutionConfigurationPlatforms) = preSolution
		Debug|Any CPU = Debug|Any CPU
		Debug|x86 = Debug|x86
		MillerRabin|Any CPU = MillerRabin|Any CPU
		MillerRabin|x86 = MillerRabin|x86
		Release|Any CPU = Release|Any CPU
		Release|x86 = Release|x86
	EndGlobalSection
	GlobalSection(ProjectConfigurationPlatforms) = postSolution
		{CB5E12EC-638E-4145-A150-47BEB80F0455}.Debug|Any CPU.ActiveCfg = Debug|Any CPU
		{CB5E12EC-638E-4145-A150-47BEB80F0455}.Debug|Any CPU.Build.0 = Debug|Any CPU
		{CB5E12EC-638E-4145-A150-47BEB80F0455}.Debug|x86.ActiveCfg = Debug|Any CPU
		{CB5E12EC-638E-4145-A150-47BEB80F0455}.Debug|x86.Build.0 = Debug|Any CPU
		{CB5E12EC-638E-4145-A150-47BEB80F0455}.MillerRabin|Any CPU.ActiveCfg = Debug|Any CPU
		{CB5E12EC-638E-4145-A150-47BEB80F0455}.MillerRabin|Any CPU.Build.0 = Debug|Any CPU
		{CB5E12EC-638E-4145-A150-47BEB80F0455}.MillerRabin|x86.ActiveCfg = Debug|Any CPU
		{CB5E12EC-638E-4145-A150-47BEB80F0455}.MillerRabin|x86.Build.0 = Debug|Any CPU
		{CB5E12EC-638E-4145-A150-47BEB80F0455}.Release|Any CPU.ActiveCfg = Debug|Any CPU
		{CB5E12EC-638E-4145-A150-47BEB80F0455}.Release|Any CPU.Build.0 = Debug|Any CPU
		{CB5E12EC-638E-4145-A150-47BEB80F0455}.Release|x86.ActiveCfg = Debug|Any CPU
		{CB5E12EC-638E-4145-A150-47BEB80F0455}.Release|x86.Build.0 = Debug|Any CPU
		{CB603E14-0FE0-4394-BB94-3ABBCC2144C7}.Debug|Any CPU.ActiveCfg = Debug|Any CPU
		{CB603E14-0FE0-4394-BB94-3ABBCC2144C7}.Debug|Any CPU.Build.0 = Debug|Any CPU
		{CB603E14-0FE0-4394-BB94-3ABBCC2144C7}.Debug|x86.ActiveCfg = Debug|Any CPU
		{CB603E14-0FE0-4394-BB94-3ABBCC2144C7}.Debug|x86.Build.0 = Debug|Any CPU
		{CB603E14-0FE0-4394-BB94-3ABBCC2144C7}.MillerRabin|Any CPU.ActiveCfg = Debug|Any CPU
		{CB603E14-0FE0-4394-BB94-3ABBCC2144C7}.MillerRabin|Any CPU.Build.0 = Debug|Any CPU
		{CB603E14-0FE0-4394-BB94-3ABBCC2144C7}.MillerRabin|x86.ActiveCfg = Debug|Any CPU
		{CB603E14-0FE0-4394-BB94-3ABBCC2144C7}.MillerRabin|x86.Build.0 = Debug|Any CPU
		{CB603E14-0FE0-4394-BB94-3ABBCC2144C7}.Release|Any CPU.ActiveCfg = Debug|Any CPU
		{CB603E14-0FE0-4394-BB94-3ABBCC2144C7}.Release|Any CPU.Build.0 = Debug|Any CPU
		{CB603E14-0FE0-4394-BB94-3ABBCC2144C7}.Release|x86.ActiveCfg = Debug|Any CPU
		{CB603E14-0FE0-4394-BB94-3ABBCC2144C7}.Release|x86.Build.0 = Debug|Any CPU
		{505B4B4C-A154-4775-9D28-F91EBF0ED087}.Debug|Any CPU.ActiveCfg = Debug|Any CPU
		{505B4B4C-A154-4775-9D28-F91EBF0ED087}.Debug|Any CPU.Build.0 = Debug|Any CPU
		{505B4B4C-A154-4775-9D28-F91EBF0ED087}.Debug|x86.ActiveCfg = Debug|Any CPU
		{505B4B4C-A154-4775-9D28-F91EBF0ED087}.Debug|x86.Build.0 = Debug|Any CPU
		{505B4B4C-A154-4775-9D28-F91EBF0ED087}.MillerRabin|Any CPU.ActiveCfg = Debug|Any CPU
		{505B4B4C-A154-4775-9D28-F91EBF0ED087}.MillerRabin|Any CPU.Build.0 = Debug|Any CPU
		{505B4B4C-A154-4775-9D28-F91EBF0ED087}.MillerRabin|x86.ActiveCfg = Debug|Any CPU
		{505B4B4C-A154-4775-9D28-F91EBF0ED087}.MillerRabin|x86.Build.0 = Debug|Any CPU
		{505B4B4C-A154-4775-9D28-F91EBF0ED087}.Release|Any CPU.ActiveCfg = Debug|Any CPU
		{505B4B4C-A154-4775-9D28-F91EBF0ED087}.Release|Any CPU.Build.0 = Debug|Any CPU
		{505B4B4C-A154-4775-9D28-F91EBF0ED087}.Release|x86.ActiveCfg = Debug|Any CPU
		{505B4B4C-A154-4775-9D28-F91EBF0ED087}.Release|x86.Build.0 = Debug|Any CPU
		{EAD0B5AC-96A5-4EFD-9C81-7A768FF34202}.Debug|Any CPU.ActiveCfg = Debug|Any CPU
		{EAD0B5AC-96A5-4EFD-9C81-7A768FF34202}.Debug|Any CPU.Build.0 = Debug|Any CPU
		{EAD0B5AC-96A5-4EFD-9C81-7A768FF34202}.Debug|x86.ActiveCfg = Debug|Any CPU
		{EAD0B5AC-96A5-4EFD-9C81-7A768FF34202}.Debug|x86.Build.0 = Debug|Any CPU
		{EAD0B5AC-96A5-4EFD-9C81-7A768FF34202}.MillerRabin|Any CPU.ActiveCfg = Debug|Any CPU
		{EAD0B5AC-96A5-4EFD-9C81-7A768FF34202}.MillerRabin|Any CPU.Build.0 = Debug|Any CPU
		{EAD0B5AC-96A5-4EFD-9C81-7A768FF34202}.MillerRabin|x86.ActiveCfg = Debug|Any CPU
		{EAD0B5AC-96A5-4EFD-9C81-7A768FF34202}.MillerRabin|x86.Build.0 = Debug|Any CPU
		{EAD0B5AC-96A5-4EFD-9C81-7A768FF34202}.Release|Any CPU.ActiveCfg = Debug|Any CPU
		{EAD0B5AC-96A5-4EFD-9C81-7A768FF34202}.Release|Any CPU.Build.0 = Debug|Any CPU
		{EAD0B5AC-96A5-4EFD-9C81-7A768FF34202}.Release|x86.ActiveCfg = Debug|Any CPU
		{EAD0B5AC-96A5-4EFD-9C81-7A768FF34202}.Release|x86.Build.0 = Debug|Any CPU
		{A62F1A49-D1B5-416C-AAAE-C195FFEE9D07}.Debug|Any CPU.ActiveCfg = Debug|x86
		{A62F1A49-D1B5-416C-AAAE-C195FFEE9D07}.Debug|Any CPU.Build.0 = Debug|x86
		{A62F1A49-D1B5-416C-AAAE-C195FFEE9D07}.Debug|x86.ActiveCfg = Debug|x86
		{A62F1A49-D1B5-416C-AAAE-C195FFEE9D07}.Debug|x86.Build.0 = Debug|x86
		{A62F1A49-D1B5-416C-AAAE-C195FFEE9D07}.MillerRabin|Any CPU.ActiveCfg = Debug|x86
		{A62F1A49-D1B5-416C-AAAE-C195FFEE9D07}.MillerRabin|Any CPU.Build.0 = Release|x86
		{A62F1A49-D1B5-416C-AAAE-C195FFEE9D07}.MillerRabin|x86.ActiveCfg = Debug|x86
		{A62F1A49-D1B5-416C-AAAE-C195FFEE9D07}.MillerRabin|x86.Build.0 = Release|x86
		{A62F1A49-D1B5-416C-AAAE-C195FFEE9D07}.Release|Any CPU.ActiveCfg = Debug|x86
		{A62F1A49-D1B5-416C-AAAE-C195FFEE9D07}.Release|x86.ActiveCfg = Debug|x86
		{A62F1A49-D1B5-416C-AAAE-C195FFEE9D07}.Release|x86.Build.0 = Release|x86
		{A0BD965B-1643-49FD-BF30-B1A9C9921CE3}.Debug|Any CPU.ActiveCfg = Debug|Any CPU
		{A0BD965B-1643-49FD-BF30-B1A9C9921CE3}.Debug|Any CPU.Build.0 = Debug|Any CPU
		{A0BD965B-1643-49FD-BF30-B1A9C9921CE3}.Debug|x86.ActiveCfg = Debug|Any CPU
		{A0BD965B-1643-49FD-BF30-B1A9C9921CE3}.Debug|x86.Build.0 = Debug|Any CPU
		{A0BD965B-1643-49FD-BF30-B1A9C9921CE3}.MillerRabin|Any CPU.ActiveCfg = Debug|Any CPU
		{A0BD965B-1643-49FD-BF30-B1A9C9921CE3}.MillerRabin|Any CPU.Build.0 = Debug|Any CPU
		{A0BD965B-1643-49FD-BF30-B1A9C9921CE3}.MillerRabin|x86.ActiveCfg = Debug|Any CPU
		{A0BD965B-1643-49FD-BF30-B1A9C9921CE3}.MillerRabin|x86.Build.0 = Debug|Any CPU
		{A0BD965B-1643-49FD-BF30-B1A9C9921CE3}.Release|Any CPU.ActiveCfg = Debug|Any CPU
		{A0BD965B-1643-49FD-BF30-B1A9C9921CE3}.Release|Any CPU.Build.0 = Debug|Any CPU
		{A0BD965B-1643-49FD-BF30-B1A9C9921CE3}.Release|x86.ActiveCfg = Debug|Any CPU
		{A0BD965B-1643-49FD-BF30-B1A9C9921CE3}.Release|x86.Build.0 = Debug|Any CPU
		{7CB4A7A7-6080-4560-9B12-CB35CF8260BB}.Debug|Any CPU.ActiveCfg = Debug|Any CPU
		{7CB4A7A7-6080-4560-9B12-CB35CF8260BB}.Debug|Any CPU.Build.0 = Debug|Any CPU
		{7CB4A7A7-6080-4560-9B12-CB35CF8260BB}.Debug|x86.ActiveCfg = Debug|Any CPU
		{7CB4A7A7-6080-4560-9B12-CB35CF8260BB}.Debug|x86.Build.0 = Debug|Any CPU
		{7CB4A7A7-6080-4560-9B12-CB35CF8260BB}.MillerRabin|Any CPU.ActiveCfg = Debug|Any CPU
		{7CB4A7A7-6080-4560-9B12-CB35CF8260BB}.MillerRabin|Any CPU.Build.0 = Debug|Any CPU
		{7CB4A7A7-6080-4560-9B12-CB35CF8260BB}.MillerRabin|x86.ActiveCfg = Debug|Any CPU
		{7CB4A7A7-6080-4560-9B12-CB35CF8260BB}.MillerRabin|x86.Build.0 = Debug|Any CPU
		{7CB4A7A7-6080-4560-9B12-CB35CF8260BB}.Release|Any CPU.ActiveCfg = Debug|Any CPU
		{7CB4A7A7-6080-4560-9B12-CB35CF8260BB}.Release|Any CPU.Build.0 = Debug|Any CPU
		{7CB4A7A7-6080-4560-9B12-CB35CF8260BB}.Release|x86.ActiveCfg = Debug|Any CPU
		{7CB4A7A7-6080-4560-9B12-CB35CF8260BB}.Release|x86.Build.0 = Debug|Any CPU
		{7C593E9F-4301-49A9-9398-EE78892AE161}.Debug|Any CPU.ActiveCfg = Debug|x86
		{7C593E9F-4301-49A9-9398-EE78892AE161}.Debug|Any CPU.Build.0 = Debug|x86
		{7C593E9F-4301-49A9-9398-EE78892AE161}.Debug|x86.ActiveCfg = Debug|x86
		{7C593E9F-4301-49A9-9398-EE78892AE161}.Debug|x86.Build.0 = Debug|x86
		{7C593E9F-4301-49A9-9398-EE78892AE161}.MillerRabin|Any CPU.ActiveCfg = Debug|x86
		{7C593E9F-4301-49A9-9398-EE78892AE161}.MillerRabin|Any CPU.Build.0 = Release|x86
		{7C593E9F-4301-49A9-9398-EE78892AE161}.MillerRabin|x86.ActiveCfg = Debug|x86
		{7C593E9F-4301-49A9-9398-EE78892AE161}.MillerRabin|x86.Build.0 = Release|x86
		{7C593E9F-4301-49A9-9398-EE78892AE161}.Release|Any CPU.ActiveCfg = Debug|x86
		{7C593E9F-4301-49A9-9398-EE78892AE161}.Release|x86.ActiveCfg = Debug|x86
		{7C593E9F-4301-49A9-9398-EE78892AE161}.Release|x86.Build.0 = Release|x86
		{2E9DF3D2-D532-4C2B-B1C2-0EA91EFA43FD}.Debug|Any CPU.ActiveCfg = Debug|x86
		{2E9DF3D2-D532-4C2B-B1C2-0EA91EFA43FD}.Debug|Any CPU.Build.0 = Debug|x86
		{2E9DF3D2-D532-4C2B-B1C2-0EA91EFA43FD}.Debug|x86.ActiveCfg = Debug|x86
		{2E9DF3D2-D532-4C2B-B1C2-0EA91EFA43FD}.Debug|x86.Build.0 = Debug|x86
		{2E9DF3D2-D532-4C2B-B1C2-0EA91EFA43FD}.MillerRabin|Any CPU.ActiveCfg = Debug|x86
		{2E9DF3D2-D532-4C2B-B1C2-0EA91EFA43FD}.MillerRabin|Any CPU.Build.0 = Release|x86
		{2E9DF3D2-D532-4C2B-B1C2-0EA91EFA43FD}.MillerRabin|x86.ActiveCfg = Debug|x86
		{2E9DF3D2-D532-4C2B-B1C2-0EA91EFA43FD}.MillerRabin|x86.Build.0 = Release|x86
		{2E9DF3D2-D532-4C2B-B1C2-0EA91EFA43FD}.Release|Any CPU.ActiveCfg = Debug|x86
		{2E9DF3D2-D532-4C2B-B1C2-0EA91EFA43FD}.Release|x86.ActiveCfg = Debug|x86
		{2E9DF3D2-D532-4C2B-B1C2-0EA91EFA43FD}.Release|x86.Build.0 = Release|x86
		{201FF9A7-2985-4173-9619-48C57B378359}.Debug|Any CPU.ActiveCfg = Debug|x86
		{201FF9A7-2985-4173-9619-48C57B378359}.Debug|Any CPU.Build.0 = Debug|x86
		{201FF9A7-2985-4173-9619-48C57B378359}.Debug|x86.ActiveCfg = Debug|x86
		{201FF9A7-2985-4173-9619-48C57B378359}.Debug|x86.Build.0 = Debug|x86
		{201FF9A7-2985-4173-9619-48C57B378359}.MillerRabin|Any CPU.ActiveCfg = Debug|x86
		{201FF9A7-2985-4173-9619-48C57B378359}.MillerRabin|Any CPU.Build.0 = Release|x86
		{201FF9A7-2985-4173-9619-48C57B378359}.MillerRabin|x86.ActiveCfg = Debug|x86
		{201FF9A7-2985-4173-9619-48C57B378359}.MillerRabin|x86.Build.0 = Release|x86
		{201FF9A7-2985-4173-9619-48C57B378359}.Release|Any CPU.ActiveCfg = Debug|x86
		{201FF9A7-2985-4173-9619-48C57B378359}.Release|x86.ActiveCfg = Debug|x86
		{201FF9A7-2985-4173-9619-48C57B378359}.Release|x86.Build.0 = Release|x86
		{38677CD8-B283-4960-8B39-1DE806EC7AF4}.Debug|Any CPU.ActiveCfg = Debug|x86
		{38677CD8-B283-4960-8B39-1DE806EC7AF4}.Debug|Any CPU.Build.0 = Debug|x86
		{38677CD8-B283-4960-8B39-1DE806EC7AF4}.Debug|x86.ActiveCfg = Debug|x86
		{38677CD8-B283-4960-8B39-1DE806EC7AF4}.Debug|x86.Build.0 = Debug|x86
		{38677CD8-B283-4960-8B39-1DE806EC7AF4}.MillerRabin|Any CPU.ActiveCfg = Debug|x86
		{38677CD8-B283-4960-8B39-1DE806EC7AF4}.MillerRabin|Any CPU.Build.0 = Release|x86
		{38677CD8-B283-4960-8B39-1DE806EC7AF4}.MillerRabin|x86.ActiveCfg = Debug|x86
		{38677CD8-B283-4960-8B39-1DE806EC7AF4}.MillerRabin|x86.Build.0 = Release|x86
		{38677CD8-B283-4960-8B39-1DE806EC7AF4}.Release|Any CPU.ActiveCfg = Debug|x86
		{38677CD8-B283-4960-8B39-1DE806EC7AF4}.Release|x86.ActiveCfg = Debug|x86
		{38677CD8-B283-4960-8B39-1DE806EC7AF4}.Release|x86.Build.0 = Release|x86
		{C97572C2-22E5-4811-8974-3C89BCE99883}.Debug|Any CPU.ActiveCfg = Debug|x86
		{C97572C2-22E5-4811-8974-3C89BCE99883}.Debug|Any CPU.Build.0 = Debug|x86
		{C97572C2-22E5-4811-8974-3C89BCE99883}.Debug|x86.ActiveCfg = Debug|x86
		{C97572C2-22E5-4811-8974-3C89BCE99883}.Debug|x86.Build.0 = Debug|x86
		{C97572C2-22E5-4811-8974-3C89BCE99883}.MillerRabin|Any CPU.ActiveCfg = Debug|x86
		{C97572C2-22E5-4811-8974-3C89BCE99883}.MillerRabin|Any CPU.Build.0 = Release|x86
		{C97572C2-22E5-4811-8974-3C89BCE99883}.MillerRabin|x86.ActiveCfg = Debug|x86
		{C97572C2-22E5-4811-8974-3C89BCE99883}.MillerRabin|x86.Build.0 = Release|x86
		{C97572C2-22E5-4811-8974-3C89BCE99883}.Release|Any CPU.ActiveCfg = Debug|x86
		{C97572C2-22E5-4811-8974-3C89BCE99883}.Release|x86.ActiveCfg = Debug|x86
		{C97572C2-22E5-4811-8974-3C89BCE99883}.Release|x86.Build.0 = Release|x86
		{2AA990B1-3D2E-4C5B-916A-72620CA736D0}.Debug|Any CPU.ActiveCfg = Debug|Any CPU
		{2AA990B1-3D2E-4C5B-916A-72620CA736D0}.Debug|Any CPU.Build.0 = Debug|Any CPU
		{2AA990B1-3D2E-4C5B-916A-72620CA736D0}.Debug|x86.ActiveCfg = Debug|Any CPU
		{2AA990B1-3D2E-4C5B-916A-72620CA736D0}.Debug|x86.Build.0 = Debug|Any CPU
		{2AA990B1-3D2E-4C5B-916A-72620CA736D0}.MillerRabin|Any CPU.ActiveCfg = Debug|Any CPU
		{2AA990B1-3D2E-4C5B-916A-72620CA736D0}.MillerRabin|Any CPU.Build.0 = Debug|Any CPU
		{2AA990B1-3D2E-4C5B-916A-72620CA736D0}.MillerRabin|x86.ActiveCfg = Debug|Any CPU
		{2AA990B1-3D2E-4C5B-916A-72620CA736D0}.MillerRabin|x86.Build.0 = Debug|Any CPU
		{2AA990B1-3D2E-4C5B-916A-72620CA736D0}.Release|Any CPU.ActiveCfg = Debug|Any CPU
		{2AA990B1-3D2E-4C5B-916A-72620CA736D0}.Release|Any CPU.Build.0 = Debug|Any CPU
		{2AA990B1-3D2E-4C5B-916A-72620CA736D0}.Release|x86.ActiveCfg = Debug|Any CPU
		{2AA990B1-3D2E-4C5B-916A-72620CA736D0}.Release|x86.Build.0 = Debug|Any CPU
		{6CC95ED5-CBE5-4950-8CBF-DCCBCD792A48}.Debug|Any CPU.ActiveCfg = Debug|Any CPU
		{6CC95ED5-CBE5-4950-8CBF-DCCBCD792A48}.Debug|Any CPU.Build.0 = Debug|Any CPU
		{6CC95ED5-CBE5-4950-8CBF-DCCBCD792A48}.Debug|x86.ActiveCfg = Debug|Any CPU
		{6CC95ED5-CBE5-4950-8CBF-DCCBCD792A48}.Debug|x86.Build.0 = Debug|Any CPU
		{6CC95ED5-CBE5-4950-8CBF-DCCBCD792A48}.MillerRabin|Any CPU.ActiveCfg = Debug|Any CPU
		{6CC95ED5-CBE5-4950-8CBF-DCCBCD792A48}.MillerRabin|Any CPU.Build.0 = Debug|Any CPU
		{6CC95ED5-CBE5-4950-8CBF-DCCBCD792A48}.MillerRabin|x86.ActiveCfg = Debug|Any CPU
		{6CC95ED5-CBE5-4950-8CBF-DCCBCD792A48}.MillerRabin|x86.Build.0 = Debug|Any CPU
		{6CC95ED5-CBE5-4950-8CBF-DCCBCD792A48}.Release|Any CPU.ActiveCfg = Debug|Any CPU
		{6CC95ED5-CBE5-4950-8CBF-DCCBCD792A48}.Release|Any CPU.Build.0 = Debug|Any CPU
		{6CC95ED5-CBE5-4950-8CBF-DCCBCD792A48}.Release|x86.ActiveCfg = Debug|Any CPU
		{6CC95ED5-CBE5-4950-8CBF-DCCBCD792A48}.Release|x86.Build.0 = Debug|Any CPU
		{659B8CE7-9D2C-4AF2-9D40-4C9757645649}.Debug|Any CPU.ActiveCfg = Debug|Any CPU
		{659B8CE7-9D2C-4AF2-9D40-4C9757645649}.Debug|Any CPU.Build.0 = Debug|Any CPU
		{659B8CE7-9D2C-4AF2-9D40-4C9757645649}.Debug|x86.ActiveCfg = Debug|Any CPU
		{659B8CE7-9D2C-4AF2-9D40-4C9757645649}.Debug|x86.Build.0 = Debug|Any CPU
		{659B8CE7-9D2C-4AF2-9D40-4C9757645649}.MillerRabin|Any CPU.ActiveCfg = Debug|Any CPU
		{659B8CE7-9D2C-4AF2-9D40-4C9757645649}.MillerRabin|Any CPU.Build.0 = Debug|Any CPU
		{659B8CE7-9D2C-4AF2-9D40-4C9757645649}.MillerRabin|x86.ActiveCfg = Debug|Any CPU
		{659B8CE7-9D2C-4AF2-9D40-4C9757645649}.MillerRabin|x86.Build.0 = Debug|Any CPU
		{659B8CE7-9D2C-4AF2-9D40-4C9757645649}.Release|Any CPU.ActiveCfg = Debug|Any CPU
		{659B8CE7-9D2C-4AF2-9D40-4C9757645649}.Release|Any CPU.Build.0 = Debug|Any CPU
		{659B8CE7-9D2C-4AF2-9D40-4C9757645649}.Release|x86.ActiveCfg = Debug|Any CPU
		{659B8CE7-9D2C-4AF2-9D40-4C9757645649}.Release|x86.Build.0 = Debug|Any CPU
		{C915B585-B583-4E95-8DC1-733D10AC54FF}.Debug|Any CPU.ActiveCfg = Debug|x86
		{C915B585-B583-4E95-8DC1-733D10AC54FF}.Debug|Any CPU.Build.0 = Debug|x86
		{C915B585-B583-4E95-8DC1-733D10AC54FF}.Debug|x86.ActiveCfg = Debug|x86
		{C915B585-B583-4E95-8DC1-733D10AC54FF}.Debug|x86.Build.0 = Debug|x86
		{C915B585-B583-4E95-8DC1-733D10AC54FF}.MillerRabin|Any CPU.ActiveCfg = Debug|x86
		{C915B585-B583-4E95-8DC1-733D10AC54FF}.MillerRabin|x86.ActiveCfg = Debug|x86
		{C915B585-B583-4E95-8DC1-733D10AC54FF}.MillerRabin|x86.Build.0 = MillerRabin|x86
		{C915B585-B583-4E95-8DC1-733D10AC54FF}.Release|Any CPU.ActiveCfg = Debug|x86
		{C915B585-B583-4E95-8DC1-733D10AC54FF}.Release|x86.ActiveCfg = Debug|x86
		{C915B585-B583-4E95-8DC1-733D10AC54FF}.Release|x86.Build.0 = Release|x86
		{60006929-00BD-450A-93F9-EA2CD9995B90}.Debug|Any CPU.ActiveCfg = Debug|Any CPU
		{60006929-00BD-450A-93F9-EA2CD9995B90}.Debug|Any CPU.Build.0 = Debug|Any CPU
		{60006929-00BD-450A-93F9-EA2CD9995B90}.Debug|x86.ActiveCfg = Debug|Any CPU
		{60006929-00BD-450A-93F9-EA2CD9995B90}.Debug|x86.Build.0 = Debug|Any CPU
		{60006929-00BD-450A-93F9-EA2CD9995B90}.MillerRabin|Any CPU.ActiveCfg = Release|Any CPU
		{60006929-00BD-450A-93F9-EA2CD9995B90}.MillerRabin|Any CPU.Build.0 = Release|Any CPU
		{60006929-00BD-450A-93F9-EA2CD9995B90}.MillerRabin|x86.ActiveCfg = Release|Any CPU
		{60006929-00BD-450A-93F9-EA2CD9995B90}.MillerRabin|x86.Build.0 = Release|Any CPU
		{60006929-00BD-450A-93F9-EA2CD9995B90}.Release|Any CPU.ActiveCfg = Release|Any CPU
		{60006929-00BD-450A-93F9-EA2CD9995B90}.Release|Any CPU.Build.0 = Release|Any CPU
		{60006929-00BD-450A-93F9-EA2CD9995B90}.Release|x86.ActiveCfg = Release|Any CPU
		{60006929-00BD-450A-93F9-EA2CD9995B90}.Release|x86.Build.0 = Release|Any CPU
		{65B2F44D-87A5-40D8-B699-0C37A3CBC486}.Debug|Any CPU.ActiveCfg = Debug|Any CPU
		{65B2F44D-87A5-40D8-B699-0C37A3CBC486}.Debug|Any CPU.Build.0 = Debug|Any CPU
		{65B2F44D-87A5-40D8-B699-0C37A3CBC486}.Debug|x86.ActiveCfg = Debug|Any CPU
		{65B2F44D-87A5-40D8-B699-0C37A3CBC486}.Debug|x86.Build.0 = Debug|Any CPU
		{65B2F44D-87A5-40D8-B699-0C37A3CBC486}.MillerRabin|Any CPU.ActiveCfg = Release|Any CPU
		{65B2F44D-87A5-40D8-B699-0C37A3CBC486}.MillerRabin|Any CPU.Build.0 = Release|Any CPU
		{65B2F44D-87A5-40D8-B699-0C37A3CBC486}.MillerRabin|x86.ActiveCfg = Release|Any CPU
		{65B2F44D-87A5-40D8-B699-0C37A3CBC486}.MillerRabin|x86.Build.0 = Release|Any CPU
		{65B2F44D-87A5-40D8-B699-0C37A3CBC486}.Release|Any CPU.ActiveCfg = Release|Any CPU
		{65B2F44D-87A5-40D8-B699-0C37A3CBC486}.Release|Any CPU.Build.0 = Release|Any CPU
		{65B2F44D-87A5-40D8-B699-0C37A3CBC486}.Release|x86.ActiveCfg = Release|Any CPU
		{65B2F44D-87A5-40D8-B699-0C37A3CBC486}.Release|x86.Build.0 = Release|Any CPU
		{A8703EB9-F9D7-42F5-A403-799AC4413DE2}.Debug|Any CPU.ActiveCfg = Debug|Any CPU
		{A8703EB9-F9D7-42F5-A403-799AC4413DE2}.Debug|Any CPU.Build.0 = Debug|Any CPU
		{A8703EB9-F9D7-42F5-A403-799AC4413DE2}.Debug|x86.ActiveCfg = Debug|Any CPU
		{A8703EB9-F9D7-42F5-A403-799AC4413DE2}.Debug|x86.Build.0 = Debug|Any CPU
		{A8703EB9-F9D7-42F5-A403-799AC4413DE2}.MillerRabin|Any CPU.ActiveCfg = Release|Any CPU
		{A8703EB9-F9D7-42F5-A403-799AC4413DE2}.MillerRabin|Any CPU.Build.0 = Release|Any CPU
		{A8703EB9-F9D7-42F5-A403-799AC4413DE2}.MillerRabin|x86.ActiveCfg = Release|Any CPU
		{A8703EB9-F9D7-42F5-A403-799AC4413DE2}.MillerRabin|x86.Build.0 = Release|Any CPU
		{A8703EB9-F9D7-42F5-A403-799AC4413DE2}.Release|Any CPU.ActiveCfg = Release|Any CPU
		{A8703EB9-F9D7-42F5-A403-799AC4413DE2}.Release|Any CPU.Build.0 = Release|Any CPU
		{A8703EB9-F9D7-42F5-A403-799AC4413DE2}.Release|x86.ActiveCfg = Release|Any CPU
		{A8703EB9-F9D7-42F5-A403-799AC4413DE2}.Release|x86.Build.0 = Release|Any CPU
		{815EC749-D38D-419E-9CFA-F12424855205}.Debug|Any CPU.ActiveCfg = Debug|Any CPU
		{815EC749-D38D-419E-9CFA-F12424855205}.Debug|Any CPU.Build.0 = Debug|Any CPU
		{815EC749-D38D-419E-9CFA-F12424855205}.Debug|x86.ActiveCfg = Debug|Any CPU
		{815EC749-D38D-419E-9CFA-F12424855205}.Debug|x86.Build.0 = Debug|Any CPU
		{815EC749-D38D-419E-9CFA-F12424855205}.MillerRabin|Any CPU.ActiveCfg = Release|Any CPU
		{815EC749-D38D-419E-9CFA-F12424855205}.MillerRabin|Any CPU.Build.0 = Release|Any CPU
		{815EC749-D38D-419E-9CFA-F12424855205}.MillerRabin|x86.ActiveCfg = Release|Any CPU
		{815EC749-D38D-419E-9CFA-F12424855205}.MillerRabin|x86.Build.0 = Release|Any CPU
		{815EC749-D38D-419E-9CFA-F12424855205}.Release|Any CPU.ActiveCfg = Release|Any CPU
		{815EC749-D38D-419E-9CFA-F12424855205}.Release|Any CPU.Build.0 = Release|Any CPU
		{815EC749-D38D-419E-9CFA-F12424855205}.Release|x86.ActiveCfg = Release|Any CPU
		{815EC749-D38D-419E-9CFA-F12424855205}.Release|x86.Build.0 = Release|Any CPU
		{EE2F558E-E1C6-4356-B19B-B0183D4F808E}.Debug|Any CPU.ActiveCfg = Debug|Any CPU
		{EE2F558E-E1C6-4356-B19B-B0183D4F808E}.Debug|Any CPU.Build.0 = Debug|Any CPU
		{EE2F558E-E1C6-4356-B19B-B0183D4F808E}.Debug|x86.ActiveCfg = Debug|Any CPU
		{EE2F558E-E1C6-4356-B19B-B0183D4F808E}.Debug|x86.Build.0 = Debug|Any CPU
		{EE2F558E-E1C6-4356-B19B-B0183D4F808E}.MillerRabin|Any CPU.ActiveCfg = Release|Any CPU
		{EE2F558E-E1C6-4356-B19B-B0183D4F808E}.MillerRabin|Any CPU.Build.0 = Release|Any CPU
		{EE2F558E-E1C6-4356-B19B-B0183D4F808E}.MillerRabin|x86.ActiveCfg = Release|Any CPU
		{EE2F558E-E1C6-4356-B19B-B0183D4F808E}.MillerRabin|x86.Build.0 = Release|Any CPU
		{EE2F558E-E1C6-4356-B19B-B0183D4F808E}.Release|Any CPU.ActiveCfg = Release|Any CPU
		{EE2F558E-E1C6-4356-B19B-B0183D4F808E}.Release|Any CPU.Build.0 = Release|Any CPU
		{EE2F558E-E1C6-4356-B19B-B0183D4F808E}.Release|x86.ActiveCfg = Release|Any CPU
		{EE2F558E-E1C6-4356-B19B-B0183D4F808E}.Release|x86.Build.0 = Release|Any CPU
		{5E72E751-1FE9-451B-B548-B645829A0951}.Debug|Any CPU.ActiveCfg = Debug|Any CPU
		{5E72E751-1FE9-451B-B548-B645829A0951}.Debug|Any CPU.Build.0 = Debug|Any CPU
		{5E72E751-1FE9-451B-B548-B645829A0951}.Debug|x86.ActiveCfg = Debug|Any CPU
		{5E72E751-1FE9-451B-B548-B645829A0951}.Debug|x86.Build.0 = Debug|Any CPU
		{5E72E751-1FE9-451B-B548-B645829A0951}.MillerRabin|Any CPU.ActiveCfg = Release|Any CPU
		{5E72E751-1FE9-451B-B548-B645829A0951}.MillerRabin|Any CPU.Build.0 = Release|Any CPU
		{5E72E751-1FE9-451B-B548-B645829A0951}.MillerRabin|x86.ActiveCfg = Release|Any CPU
		{5E72E751-1FE9-451B-B548-B645829A0951}.MillerRabin|x86.Build.0 = Release|Any CPU
		{5E72E751-1FE9-451B-B548-B645829A0951}.Release|Any CPU.ActiveCfg = Release|Any CPU
		{5E72E751-1FE9-451B-B548-B645829A0951}.Release|Any CPU.Build.0 = Release|Any CPU
		{5E72E751-1FE9-451B-B548-B645829A0951}.Release|x86.ActiveCfg = Release|Any CPU
		{5E72E751-1FE9-451B-B548-B645829A0951}.Release|x86.Build.0 = Release|Any CPU
		{45BA0F5E-14CB-49A3-847D-7AE491A32B6F}.Debug|Any CPU.ActiveCfg = Debug|Any CPU
		{45BA0F5E-14CB-49A3-847D-7AE491A32B6F}.Debug|Any CPU.Build.0 = Debug|Any CPU
		{45BA0F5E-14CB-49A3-847D-7AE491A32B6F}.Debug|x86.ActiveCfg = Debug|Any CPU
		{45BA0F5E-14CB-49A3-847D-7AE491A32B6F}.Debug|x86.Build.0 = Debug|Any CPU
		{45BA0F5E-14CB-49A3-847D-7AE491A32B6F}.MillerRabin|Any CPU.ActiveCfg = Release|Any CPU
		{45BA0F5E-14CB-49A3-847D-7AE491A32B6F}.MillerRabin|Any CPU.Build.0 = Release|Any CPU
		{45BA0F5E-14CB-49A3-847D-7AE491A32B6F}.MillerRabin|x86.ActiveCfg = Release|Any CPU
		{45BA0F5E-14CB-49A3-847D-7AE491A32B6F}.MillerRabin|x86.Build.0 = Release|Any CPU
		{45BA0F5E-14CB-49A3-847D-7AE491A32B6F}.Release|Any CPU.ActiveCfg = Release|Any CPU
		{45BA0F5E-14CB-49A3-847D-7AE491A32B6F}.Release|Any CPU.Build.0 = Release|Any CPU
		{45BA0F5E-14CB-49A3-847D-7AE491A32B6F}.Release|x86.ActiveCfg = Release|Any CPU
		{45BA0F5E-14CB-49A3-847D-7AE491A32B6F}.Release|x86.Build.0 = Release|Any CPU
	EndGlobalSection
	GlobalSection(SolutionProperties) = preSolution
		HideSolutionNode = FALSE
	EndGlobalSection
	GlobalSection(NestedProjects) = preSolution
		{65B2F44D-87A5-40D8-B699-0C37A3CBC486} = {1DF77FF1-FD66-418A-8C76-7F8877C4F9BB}
		{A8703EB9-F9D7-42F5-A403-799AC4413DE2} = {1DF77FF1-FD66-418A-8C76-7F8877C4F9BB}
		{EE2F558E-E1C6-4356-B19B-B0183D4F808E} = {24B76676-F268-4A63-A509-88B7E6743C26}
		{5E72E751-1FE9-451B-B548-B645829A0951} = {24B76676-F268-4A63-A509-88B7E6743C26}
		{45BA0F5E-14CB-49A3-847D-7AE491A32B6F} = {24B76676-F268-4A63-A509-88B7E6743C26}
	EndGlobalSection
	GlobalSection(ExtensibilityGlobals) = postSolution
		SolutionGuid = {F2BA67C4-113B-483B-B15D-D856A92976F4}
	EndGlobalSection
EndGlobal
